
Microsoft Visual Studio Solution File, Format Version 12.00
# Visual Studio 15
VisualStudioVersion = 15.0.26228.9
MinimumVisualStudioVersion = 10.0.40219.1
Project("{FAE04EC0-301F-11D3-BF4B-00C04F79EFBC}") = "AdventureWorks.UI.Api", "AdventureWorks.UI.Api\AdventureWorks.UI.Api.csproj", "{84A719DC-699B-4832-BE5D-CCC6B98409EA}"
EndProject
Project("{FAE04EC0-301F-11D3-BF4B-00C04F79EFBC}") = "AdventureWorks.Core.Persistance", "AdventureWorks.Core.Persistance\AdventureWorks.Core.Persistance.csproj", "{11F6577F-5B22-4FB9-96BE-45E99C40D064}"
EndProject
Project("{FAE04EC0-301F-11D3-BF4B-00C04F79EFBC}") = "AdventureWorks.Core.Interfaces", "AdventureWorks.Core.Interfaces\AdventureWorks.Core.Interfaces.csproj", "{A8780207-8682-4C3E-834E-1C9E6E7FFCF8}"
EndProject
Project("{FAE04EC0-301F-11D3-BF4B-00C04F79EFBC}") = "AdventureWorks.BussinesLogic", "AdventureWorks.BussinesLogic\AdventureWorks.BussinesLogic.csproj", "{81BF54C4-3546-4608-8FEA-0EF6C9C9C583}"
EndProject
Project("{FAE04EC0-301F-11D3-BF4B-00C04F79EFBC}") = "AdventureWorks.Core.Entities", "AdventureWorks.Core.Entities\AdventureWorks.Core.Entities.csproj", "{8895184A-8089-46E8-857A-A4D8C4862DB3}"
EndProject
Project("{FAE04EC0-301F-11D3-BF4B-00C04F79EFBC}") = "AdventureWorks.UI.ViewEntities", "AdventureWorks.UI.ViewEntities\AdventureWorks.UI.ViewEntities.csproj", "{13602567-10E4-44F9-9990-04B1CEEA55DA}"
EndProject
Project("{FAE04EC0-301F-11D3-BF4B-00C04F79EFBC}") = "AdventureWorks.Core.Infrastructure", "AdventureWorks.Core.Infrastructure\AdventureWorks.Core.Infrastructure.csproj", "{6D1A5021-CA69-4769-BEA7-E7B32C8729DE}"
EndProject
Project("{FAE04EC0-301F-11D3-BF4B-00C04F79EFBC}") = "AdventureWorks.UnitTests", "AdventureWorks.UnitTests\AdventureWorks.UnitTests.csproj", "{B4C11EEB-A0E3-476B-B0B7-C1B7F2866EE2}"
EndProject
Project("{FAE04EC0-301F-11D3-BF4B-00C04F79EFBC}") = "AdventureWorks.IntegrationTests", "AdventureWorks.IntegrationTests\AdventureWorks.IntegrationTests.csproj", "{FF9E7A91-468E-4246-AE20-14FAC3881C90}"
EndProject
Project("{FAE04EC0-301F-11D3-BF4B-00C04F79EFBC}") = "AdventureWorks.Core.Mappers", "AdventureWorks.Core.Mappers\AdventureWorks.Core.Mappers.csproj", "{004F8EA4-1765-4281-8A02-524EC74DCE73}"
EndProject
Project("{2150E333-8FDC-42A3-9474-1A3956D46DE8}") = "Tests", "Tests", "{B31F0F0D-4524-4407-87AE-D8930342974A}"
EndProject
Project("{2150E333-8FDC-42A3-9474-1A3956D46DE8}") = "Persistance", "Persistance", "{475CE063-C400-4494-B07A-00300CB4C491}"
EndProject
Project("{2150E333-8FDC-42A3-9474-1A3956D46DE8}") = "UI", "UI", "{945C6936-CEB1-476F-ABB4-FC53761016F0}"
EndProject
Project("{2150E333-8FDC-42A3-9474-1A3956D46DE8}") = "BussinesLogic", "BussinesLogic", "{BC5BF1CC-56FD-4A48-8358-A7598DFA0E61}"
EndProject
Global
	GlobalSection(SolutionConfigurationPlatforms) = preSolution
		Debug|Any CPU = Debug|Any CPU
		Debug|ARM = Debug|ARM
		Debug|x64 = Debug|x64
		Debug|x86 = Debug|x86
		Release|Any CPU = Release|Any CPU
		Release|ARM = Release|ARM
		Release|x64 = Release|x64
		Release|x86 = Release|x86
	EndGlobalSection
	GlobalSection(ProjectConfigurationPlatforms) = postSolution
		{84A719DC-699B-4832-BE5D-CCC6B98409EA}.Debug|Any CPU.ActiveCfg = Debug|Any CPU
		{84A719DC-699B-4832-BE5D-CCC6B98409EA}.Debug|Any CPU.Build.0 = Debug|Any CPU
		{84A719DC-699B-4832-BE5D-CCC6B98409EA}.Debug|ARM.ActiveCfg = Debug|Any CPU
		{84A719DC-699B-4832-BE5D-CCC6B98409EA}.Debug|ARM.Build.0 = Debug|Any CPU
		{84A719DC-699B-4832-BE5D-CCC6B98409EA}.Debug|x64.ActiveCfg = Debug|Any CPU
		{84A719DC-699B-4832-BE5D-CCC6B98409EA}.Debug|x64.Build.0 = Debug|Any CPU
		{84A719DC-699B-4832-BE5D-CCC6B98409EA}.Debug|x86.ActiveCfg = Debug|Any CPU
		{84A719DC-699B-4832-BE5D-CCC6B98409EA}.Debug|x86.Build.0 = Debug|Any CPU
		{84A719DC-699B-4832-BE5D-CCC6B98409EA}.Release|Any CPU.ActiveCfg = Release|Any CPU
		{84A719DC-699B-4832-BE5D-CCC6B98409EA}.Release|Any CPU.Build.0 = Release|Any CPU
		{84A719DC-699B-4832-BE5D-CCC6B98409EA}.Release|ARM.ActiveCfg = Release|Any CPU
		{84A719DC-699B-4832-BE5D-CCC6B98409EA}.Release|ARM.Build.0 = Release|Any CPU
		{84A719DC-699B-4832-BE5D-CCC6B98409EA}.Release|x64.ActiveCfg = Release|Any CPU
		{84A719DC-699B-4832-BE5D-CCC6B98409EA}.Release|x64.Build.0 = Release|Any CPU
		{84A719DC-699B-4832-BE5D-CCC6B98409EA}.Release|x86.ActiveCfg = Release|Any CPU
		{84A719DC-699B-4832-BE5D-CCC6B98409EA}.Release|x86.Build.0 = Release|Any CPU
		{11F6577F-5B22-4FB9-96BE-45E99C40D064}.Debug|Any CPU.ActiveCfg = Debug|Any CPU
		{11F6577F-5B22-4FB9-96BE-45E99C40D064}.Debug|Any CPU.Build.0 = Debug|Any CPU
		{11F6577F-5B22-4FB9-96BE-45E99C40D064}.Debug|ARM.ActiveCfg = Debug|Any CPU
		{11F6577F-5B22-4FB9-96BE-45E99C40D064}.Debug|ARM.Build.0 = Debug|Any CPU
		{11F6577F-5B22-4FB9-96BE-45E99C40D064}.Debug|x64.ActiveCfg = Debug|Any CPU
		{11F6577F-5B22-4FB9-96BE-45E99C40D064}.Debug|x64.Build.0 = Debug|Any CPU
		{11F6577F-5B22-4FB9-96BE-45E99C40D064}.Debug|x86.ActiveCfg = Debug|Any CPU
		{11F6577F-5B22-4FB9-96BE-45E99C40D064}.Debug|x86.Build.0 = Debug|Any CPU
		{11F6577F-5B22-4FB9-96BE-45E99C40D064}.Release|Any CPU.ActiveCfg = Release|Any CPU
		{11F6577F-5B22-4FB9-96BE-45E99C40D064}.Release|Any CPU.Build.0 = Release|Any CPU
		{11F6577F-5B22-4FB9-96BE-45E99C40D064}.Release|ARM.ActiveCfg = Release|Any CPU
		{11F6577F-5B22-4FB9-96BE-45E99C40D064}.Release|ARM.Build.0 = Release|Any CPU
		{11F6577F-5B22-4FB9-96BE-45E99C40D064}.Release|x64.ActiveCfg = Release|Any CPU
		{11F6577F-5B22-4FB9-96BE-45E99C40D064}.Release|x64.Build.0 = Release|Any CPU
		{11F6577F-5B22-4FB9-96BE-45E99C40D064}.Release|x86.ActiveCfg = Release|Any CPU
		{11F6577F-5B22-4FB9-96BE-45E99C40D064}.Release|x86.Build.0 = Release|Any CPU
		{A8780207-8682-4C3E-834E-1C9E6E7FFCF8}.Debug|Any CPU.ActiveCfg = Debug|Any CPU
		{A8780207-8682-4C3E-834E-1C9E6E7FFCF8}.Debug|Any CPU.Build.0 = Debug|Any CPU
		{A8780207-8682-4C3E-834E-1C9E6E7FFCF8}.Debug|ARM.ActiveCfg = Debug|Any CPU
		{A8780207-8682-4C3E-834E-1C9E6E7FFCF8}.Debug|ARM.Build.0 = Debug|Any CPU
		{A8780207-8682-4C3E-834E-1C9E6E7FFCF8}.Debug|x64.ActiveCfg = Debug|Any CPU
		{A8780207-8682-4C3E-834E-1C9E6E7FFCF8}.Debug|x64.Build.0 = Debug|Any CPU
		{A8780207-8682-4C3E-834E-1C9E6E7FFCF8}.Debug|x86.ActiveCfg = Debug|Any CPU
		{A8780207-8682-4C3E-834E-1C9E6E7FFCF8}.Debug|x86.Build.0 = Debug|Any CPU
		{A8780207-8682-4C3E-834E-1C9E6E7FFCF8}.Release|Any CPU.ActiveCfg = Release|Any CPU
		{A8780207-8682-4C3E-834E-1C9E6E7FFCF8}.Release|Any CPU.Build.0 = Release|Any CPU
		{A8780207-8682-4C3E-834E-1C9E6E7FFCF8}.Release|ARM.ActiveCfg = Release|Any CPU
		{A8780207-8682-4C3E-834E-1C9E6E7FFCF8}.Release|ARM.Build.0 = Release|Any CPU
		{A8780207-8682-4C3E-834E-1C9E6E7FFCF8}.Release|x64.ActiveCfg = Release|Any CPU
		{A8780207-8682-4C3E-834E-1C9E6E7FFCF8}.Release|x64.Build.0 = Release|Any CPU
		{A8780207-8682-4C3E-834E-1C9E6E7FFCF8}.Release|x86.ActiveCfg = Release|Any CPU
		{A8780207-8682-4C3E-834E-1C9E6E7FFCF8}.Release|x86.Build.0 = Release|Any CPU
		{81BF54C4-3546-4608-8FEA-0EF6C9C9C583}.Debug|Any CPU.ActiveCfg = Debug|Any CPU
		{81BF54C4-3546-4608-8FEA-0EF6C9C9C583}.Debug|Any CPU.Build.0 = Debug|Any CPU
		{81BF54C4-3546-4608-8FEA-0EF6C9C9C583}.Debug|ARM.ActiveCfg = Debug|Any CPU
		{81BF54C4-3546-4608-8FEA-0EF6C9C9C583}.Debug|ARM.Build.0 = Debug|Any CPU
		{81BF54C4-3546-4608-8FEA-0EF6C9C9C583}.Debug|x64.ActiveCfg = Debug|Any CPU
		{81BF54C4-3546-4608-8FEA-0EF6C9C9C583}.Debug|x64.Build.0 = Debug|Any CPU
		{81BF54C4-3546-4608-8FEA-0EF6C9C9C583}.Debug|x86.ActiveCfg = Debug|Any CPU
		{81BF54C4-3546-4608-8FEA-0EF6C9C9C583}.Debug|x86.Build.0 = Debug|Any CPU
		{81BF54C4-3546-4608-8FEA-0EF6C9C9C583}.Release|Any CPU.ActiveCfg = Release|Any CPU
		{81BF54C4-3546-4608-8FEA-0EF6C9C9C583}.Release|Any CPU.Build.0 = Release|Any CPU
		{81BF54C4-3546-4608-8FEA-0EF6C9C9C583}.Release|ARM.ActiveCfg = Release|Any CPU
		{81BF54C4-3546-4608-8FEA-0EF6C9C9C583}.Release|ARM.Build.0 = Release|Any CPU
		{81BF54C4-3546-4608-8FEA-0EF6C9C9C583}.Release|x64.ActiveCfg = Release|Any CPU
		{81BF54C4-3546-4608-8FEA-0EF6C9C9C583}.Release|x64.Build.0 = Release|Any CPU
		{81BF54C4-3546-4608-8FEA-0EF6C9C9C583}.Release|x86.ActiveCfg = Release|Any CPU
		{81BF54C4-3546-4608-8FEA-0EF6C9C9C583}.Release|x86.Build.0 = Release|Any CPU
		{8895184A-8089-46E8-857A-A4D8C4862DB3}.Debug|Any CPU.ActiveCfg = Debug|Any CPU
		{8895184A-8089-46E8-857A-A4D8C4862DB3}.Debug|Any CPU.Build.0 = Debug|Any CPU
		{8895184A-8089-46E8-857A-A4D8C4862DB3}.Debug|ARM.ActiveCfg = Debug|Any CPU
		{8895184A-8089-46E8-857A-A4D8C4862DB3}.Debug|ARM.Build.0 = Debug|Any CPU
		{8895184A-8089-46E8-857A-A4D8C4862DB3}.Debug|x64.ActiveCfg = Debug|Any CPU
		{8895184A-8089-46E8-857A-A4D8C4862DB3}.Debug|x64.Build.0 = Debug|Any CPU
		{8895184A-8089-46E8-857A-A4D8C4862DB3}.Debug|x86.ActiveCfg = Debug|Any CPU
		{8895184A-8089-46E8-857A-A4D8C4862DB3}.Debug|x86.Build.0 = Debug|Any CPU
		{8895184A-8089-46E8-857A-A4D8C4862DB3}.Release|Any CPU.ActiveCfg = Release|Any CPU
		{8895184A-8089-46E8-857A-A4D8C4862DB3}.Release|Any CPU.Build.0 = Release|Any CPU
		{8895184A-8089-46E8-857A-A4D8C4862DB3}.Release|ARM.ActiveCfg = Release|Any CPU
		{8895184A-8089-46E8-857A-A4D8C4862DB3}.Release|ARM.Build.0 = Release|Any CPU
		{8895184A-8089-46E8-857A-A4D8C4862DB3}.Release|x64.ActiveCfg = Release|Any CPU
		{8895184A-8089-46E8-857A-A4D8C4862DB3}.Release|x64.Build.0 = Release|Any CPU
		{8895184A-8089-46E8-857A-A4D8C4862DB3}.Release|x86.ActiveCfg = Release|Any CPU
		{8895184A-8089-46E8-857A-A4D8C4862DB3}.Release|x86.Build.0 = Release|Any CPU
		{13602567-10E4-44F9-9990-04B1CEEA55DA}.Debug|Any CPU.ActiveCfg = Debug|Any CPU
		{13602567-10E4-44F9-9990-04B1CEEA55DA}.Debug|Any CPU.Build.0 = Debug|Any CPU
		{13602567-10E4-44F9-9990-04B1CEEA55DA}.Debug|ARM.ActiveCfg = Debug|Any CPU
		{13602567-10E4-44F9-9990-04B1CEEA55DA}.Debug|ARM.Build.0 = Debug|Any CPU
		{13602567-10E4-44F9-9990-04B1CEEA55DA}.Debug|x64.ActiveCfg = Debug|Any CPU
		{13602567-10E4-44F9-9990-04B1CEEA55DA}.Debug|x64.Build.0 = Debug|Any CPU
		{13602567-10E4-44F9-9990-04B1CEEA55DA}.Debug|x86.ActiveCfg = Debug|Any CPU
		{13602567-10E4-44F9-9990-04B1CEEA55DA}.Debug|x86.Build.0 = Debug|Any CPU
		{13602567-10E4-44F9-9990-04B1CEEA55DA}.Release|Any CPU.ActiveCfg = Release|Any CPU
		{13602567-10E4-44F9-9990-04B1CEEA55DA}.Release|Any CPU.Build.0 = Release|Any CPU
		{13602567-10E4-44F9-9990-04B1CEEA55DA}.Release|ARM.ActiveCfg = Release|Any CPU
		{13602567-10E4-44F9-9990-04B1CEEA55DA}.Release|ARM.Build.0 = Release|Any CPU
		{13602567-10E4-44F9-9990-04B1CEEA55DA}.Release|x64.ActiveCfg = Release|Any CPU
		{13602567-10E4-44F9-9990-04B1CEEA55DA}.Release|x64.Build.0 = Release|Any CPU
		{13602567-10E4-44F9-9990-04B1CEEA55DA}.Release|x86.ActiveCfg = Release|Any CPU
		{13602567-10E4-44F9-9990-04B1CEEA55DA}.Release|x86.Build.0 = Release|Any CPU
		{6D1A5021-CA69-4769-BEA7-E7B32C8729DE}.Debug|Any CPU.ActiveCfg = Debug|Any CPU
		{6D1A5021-CA69-4769-BEA7-E7B32C8729DE}.Debug|Any CPU.Build.0 = Debug|Any CPU
		{6D1A5021-CA69-4769-BEA7-E7B32C8729DE}.Debug|ARM.ActiveCfg = Debug|Any CPU
		{6D1A5021-CA69-4769-BEA7-E7B32C8729DE}.Debug|ARM.Build.0 = Debug|Any CPU
		{6D1A5021-CA69-4769-BEA7-E7B32C8729DE}.Debug|x64.ActiveCfg = Debug|Any CPU
		{6D1A5021-CA69-4769-BEA7-E7B32C8729DE}.Debug|x64.Build.0 = Debug|Any CPU
		{6D1A5021-CA69-4769-BEA7-E7B32C8729DE}.Debug|x86.ActiveCfg = Debug|Any CPU
		{6D1A5021-CA69-4769-BEA7-E7B32C8729DE}.Debug|x86.Build.0 = Debug|Any CPU
		{6D1A5021-CA69-4769-BEA7-E7B32C8729DE}.Release|Any CPU.ActiveCfg = Release|Any CPU
		{6D1A5021-CA69-4769-BEA7-E7B32C8729DE}.Release|Any CPU.Build.0 = Release|Any CPU
		{6D1A5021-CA69-4769-BEA7-E7B32C8729DE}.Release|ARM.ActiveCfg = Release|Any CPU
		{6D1A5021-CA69-4769-BEA7-E7B32C8729DE}.Release|ARM.Build.0 = Release|Any CPU
		{6D1A5021-CA69-4769-BEA7-E7B32C8729DE}.Release|x64.ActiveCfg = Release|Any CPU
		{6D1A5021-CA69-4769-BEA7-E7B32C8729DE}.Release|x64.Build.0 = Release|Any CPU
		{6D1A5021-CA69-4769-BEA7-E7B32C8729DE}.Release|x86.ActiveCfg = Release|Any CPU
		{6D1A5021-CA69-4769-BEA7-E7B32C8729DE}.Release|x86.Build.0 = Release|Any CPU
		{B4C11EEB-A0E3-476B-B0B7-C1B7F2866EE2}.Debug|Any CPU.ActiveCfg = Debug|Any CPU
		{B4C11EEB-A0E3-476B-B0B7-C1B7F2866EE2}.Debug|Any CPU.Build.0 = Debug|Any CPU
		{B4C11EEB-A0E3-476B-B0B7-C1B7F2866EE2}.Debug|ARM.ActiveCfg = Debug|Any CPU
		{B4C11EEB-A0E3-476B-B0B7-C1B7F2866EE2}.Debug|ARM.Build.0 = Debug|Any CPU
		{B4C11EEB-A0E3-476B-B0B7-C1B7F2866EE2}.Debug|x64.ActiveCfg = Debug|Any CPU
		{B4C11EEB-A0E3-476B-B0B7-C1B7F2866EE2}.Debug|x64.Build.0 = Debug|Any CPU
		{B4C11EEB-A0E3-476B-B0B7-C1B7F2866EE2}.Debug|x86.ActiveCfg = Debug|Any CPU
		{B4C11EEB-A0E3-476B-B0B7-C1B7F2866EE2}.Debug|x86.Build.0 = Debug|Any CPU
		{B4C11EEB-A0E3-476B-B0B7-C1B7F2866EE2}.Release|Any CPU.ActiveCfg = Release|Any CPU
		{B4C11EEB-A0E3-476B-B0B7-C1B7F2866EE2}.Release|Any CPU.Build.0 = Release|Any CPU
		{B4C11EEB-A0E3-476B-B0B7-C1B7F2866EE2}.Release|ARM.ActiveCfg = Release|Any CPU
		{B4C11EEB-A0E3-476B-B0B7-C1B7F2866EE2}.Release|ARM.Build.0 = Release|Any CPU
		{B4C11EEB-A0E3-476B-B0B7-C1B7F2866EE2}.Release|x64.ActiveCfg = Release|Any CPU
		{B4C11EEB-A0E3-476B-B0B7-C1B7F2866EE2}.Release|x64.Build.0 = Release|Any CPU
		{B4C11EEB-A0E3-476B-B0B7-C1B7F2866EE2}.Release|x86.ActiveCfg = Release|Any CPU
		{B4C11EEB-A0E3-476B-B0B7-C1B7F2866EE2}.Release|x86.Build.0 = Release|Any CPU
		{FF9E7A91-468E-4246-AE20-14FAC3881C90}.Debug|Any CPU.ActiveCfg = Debug|Any CPU
		{FF9E7A91-468E-4246-AE20-14FAC3881C90}.Debug|Any CPU.Build.0 = Debug|Any CPU
		{FF9E7A91-468E-4246-AE20-14FAC3881C90}.Debug|ARM.ActiveCfg = Debug|Any CPU
		{FF9E7A91-468E-4246-AE20-14FAC3881C90}.Debug|ARM.Build.0 = Debug|Any CPU
		{FF9E7A91-468E-4246-AE20-14FAC3881C90}.Debug|x64.ActiveCfg = Debug|Any CPU
		{FF9E7A91-468E-4246-AE20-14FAC3881C90}.Debug|x64.Build.0 = Debug|Any CPU
		{FF9E7A91-468E-4246-AE20-14FAC3881C90}.Debug|x86.ActiveCfg = Debug|Any CPU
		{FF9E7A91-468E-4246-AE20-14FAC3881C90}.Debug|x86.Build.0 = Debug|Any CPU
		{FF9E7A91-468E-4246-AE20-14FAC3881C90}.Release|Any CPU.ActiveCfg = Release|Any CPU
		{FF9E7A91-468E-4246-AE20-14FAC3881C90}.Release|Any CPU.Build.0 = Release|Any CPU
		{FF9E7A91-468E-4246-AE20-14FAC3881C90}.Release|ARM.ActiveCfg = Release|Any CPU
		{FF9E7A91-468E-4246-AE20-14FAC3881C90}.Release|ARM.Build.0 = Release|Any CPU
		{FF9E7A91-468E-4246-AE20-14FAC3881C90}.Release|x64.ActiveCfg = Release|Any CPU
		{FF9E7A91-468E-4246-AE20-14FAC3881C90}.Release|x64.Build.0 = Release|Any CPU
		{FF9E7A91-468E-4246-AE20-14FAC3881C90}.Release|x86.ActiveCfg = Release|Any CPU
		{FF9E7A91-468E-4246-AE20-14FAC3881C90}.Release|x86.Build.0 = Release|Any CPU
		{004F8EA4-1765-4281-8A02-524EC74DCE73}.Debug|Any CPU.ActiveCfg = Debug|Any CPU
		{004F8EA4-1765-4281-8A02-524EC74DCE73}.Debug|Any CPU.Build.0 = Debug|Any CPU
		{004F8EA4-1765-4281-8A02-524EC74DCE73}.Debug|ARM.ActiveCfg = Debug|Any CPU
		{004F8EA4-1765-4281-8A02-524EC74DCE73}.Debug|ARM.Build.0 = Debug|Any CPU
		{004F8EA4-1765-4281-8A02-524EC74DCE73}.Debug|x64.ActiveCfg = Debug|Any CPU
		{004F8EA4-1765-4281-8A02-524EC74DCE73}.Debug|x64.Build.0 = Debug|Any CPU
		{004F8EA4-1765-4281-8A02-524EC74DCE73}.Debug|x86.ActiveCfg = Debug|Any CPU
		{004F8EA4-1765-4281-8A02-524EC74DCE73}.Debug|x86.Build.0 = Debug|Any CPU
		{004F8EA4-1765-4281-8A02-524EC74DCE73}.Release|Any CPU.ActiveCfg = Release|Any CPU
		{004F8EA4-1765-4281-8A02-524EC74DCE73}.Release|Any CPU.Build.0 = Release|Any CPU
		{004F8EA4-1765-4281-8A02-524EC74DCE73}.Release|ARM.ActiveCfg = Release|Any CPU
		{004F8EA4-1765-4281-8A02-524EC74DCE73}.Release|ARM.Build.0 = Release|Any CPU
		{004F8EA4-1765-4281-8A02-524EC74DCE73}.Release|x64.ActiveCfg = Release|Any CPU
		{004F8EA4-1765-4281-8A02-524EC74DCE73}.Release|x64.Build.0 = Release|Any CPU
		{004F8EA4-1765-4281-8A02-524EC74DCE73}.Release|x86.ActiveCfg = Release|Any CPU
		{004F8EA4-1765-4281-8A02-524EC74DCE73}.Release|x86.Build.0 = Release|Any CPU
	EndGlobalSection
	GlobalSection(SolutionProperties) = preSolution
		HideSolutionNode = FALSE
	EndGlobalSection
	GlobalSection(NestedProjects) = preSolution
		{84A719DC-699B-4832-BE5D-CCC6B98409EA} = {945C6936-CEB1-476F-ABB4-FC53761016F0}
		{11F6577F-5B22-4FB9-96BE-45E99C40D064} = {475CE063-C400-4494-B07A-00300CB4C491}
		{81BF54C4-3546-4608-8FEA-0EF6C9C9C583} = {BC5BF1CC-56FD-4A48-8358-A7598DFA0E61}
		{8895184A-8089-46E8-857A-A4D8C4862DB3} = {475CE063-C400-4494-B07A-00300CB4C491}
		{13602567-10E4-44F9-9990-04B1CEEA55DA} = {945C6936-CEB1-476F-ABB4-FC53761016F0}
		{B4C11EEB-A0E3-476B-B0B7-C1B7F2866EE2} = {B31F0F0D-4524-4407-87AE-D8930342974A}
		{FF9E7A91-468E-4246-AE20-14FAC3881C90} = {B31F0F0D-4524-4407-87AE-D8930342974A}
	EndGlobalSection
EndGlobal
